// !$*UTF8*$!
{
	archiveVersion = 1;
	classes = {
	};
	objectVersion = 46;
	objects = {

/* Begin PBXBuildFile section */
		CFB024701D5AAB44005AC143 /* AppDelegate.swift in Sources */ = {isa = PBXBuildFile; fileRef = CFB0246F1D5AAB44005AC143 /* AppDelegate.swift */; };
		CFB024721D5AAB44005AC143 /* ViewController.swift in Sources */ = {isa = PBXBuildFile; fileRef = CFB024711D5AAB44005AC143 /* ViewController.swift */; };
		CFB024751D5AAB44005AC143 /* Main.storyboard in Resources */ = {isa = PBXBuildFile; fileRef = CFB024731D5AAB44005AC143 /* Main.storyboard */; };
		CFB024771D5AAB44005AC143 /* Assets.xcassets in Resources */ = {isa = PBXBuildFile; fileRef = CFB024761D5AAB44005AC143 /* Assets.xcassets */; };
		CFB0247A1D5AAB44005AC143 /* LaunchScreen.storyboard in Resources */ = {isa = PBXBuildFile; fileRef = CFB024781D5AAB44005AC143 /* LaunchScreen.storyboard */; };
		CFB024851D5AAB44005AC143 /* FirstKadaiAppTests.swift in Sources */ = {isa = PBXBuildFile; fileRef = CFB024841D5AAB44005AC143 /* FirstKadaiAppTests.swift */; };
		CFB024901D5AAB44005AC143 /* FirstKadaiAppUITests.swift in Sources */ = {isa = PBXBuildFile; fileRef = CFB0248F1D5AAB44005AC143 /* FirstKadaiAppUITests.swift */; };
/* End PBXBuildFile section */

/* Begin PBXContainerItemProxy section */
		CFB024811D5AAB44005AC143 /* PBXContainerItemProxy */ = {
			isa = PBXContainerItemProxy;
			containerPortal = CFB024641D5AAB44005AC143 /* Project object */;
			proxyType = 1;
			remoteGlobalIDString = CFB0246B1D5AAB44005AC143;
			remoteInfo = FirstKadaiApp;
		};
		CFB0248C1D5AAB44005AC143 /* PBXContainerItemProxy */ = {
			isa = PBXContainerItemProxy;
			containerPortal = CFB024641D5AAB44005AC143 /* Project object */;
			proxyType = 1;
			remoteGlobalIDString = CFB0246B1D5AAB44005AC143;
			remoteInfo = FirstKadaiApp;
		};
/* End PBXContainerItemProxy section */

/* Begin PBXFileReference section */
		CFB0246C1D5AAB44005AC143 /* FirstKadaiApp.app */ = {isa = PBXFileReference; explicitFileType = wrapper.application; includeInIndex = 0; path = FirstKadaiApp.app; sourceTree = BUILT_PRODUCTS_DIR; };
		CFB0246F1D5AAB44005AC143 /* AppDelegate.swift */ = {isa = PBXFileReference; lastKnownFileType = sourcecode.swift; path = AppDelegate.swift; sourceTree = "<group>"; };
		CFB024711D5AAB44005AC143 /* ViewController.swift */ = {isa = PBXFileReference; lastKnownFileType = sourcecode.swift; path = ViewController.swift; sourceTree = "<group>"; };
		CFB024741D5AAB44005AC143 /* Base */ = {isa = PBXFileReference; lastKnownFileType = file.storyboard; name = Base; path = Base.lproj/Main.storyboard; sourceTree = "<group>"; };
		CFB024761D5AAB44005AC143 /* Assets.xcassets */ = {isa = PBXFileReference; lastKnownFileType = folder.assetcatalog; path = Assets.xcassets; sourceTree = "<group>"; };
		CFB024791D5AAB44005AC143 /* Base */ = {isa = PBXFileReference; lastKnownFileType = file.storyboard; name = Base; path = Base.lproj/LaunchScreen.storyboard; sourceTree = "<group>"; };
		CFB0247B1D5AAB44005AC143 /* Info.plist */ = {isa = PBXFileReference; lastKnownFileType = text.plist.xml; path = Info.plist; sourceTree = "<group>"; };
		CFB024801D5AAB44005AC143 /* FirstKadaiAppTests.xctest */ = {isa = PBXFileReference; explicitFileType = wrapper.cfbundle; includeInIndex = 0; path = FirstKadaiAppTests.xctest; sourceTree = BUILT_PRODUCTS_DIR; };
		CFB024841D5AAB44005AC143 /* FirstKadaiAppTests.swift */ = {isa = PBXFileReference; lastKnownFileType = sourcecode.swift; path = FirstKadaiAppTests.swift; sourceTree = "<group>"; };
		CFB024861D5AAB44005AC143 /* Info.plist */ = {isa = PBXFileReference; lastKnownFileType = text.plist.xml; path = Info.plist; sourceTree = "<group>"; };
		CFB0248B1D5AAB44005AC143 /* FirstKadaiAppUITests.xctest */ = {isa = PBXFileReference; explicitFileType = wrapper.cfbundle; includeInIndex = 0; path = FirstKadaiAppUITests.xctest; sourceTree = BUILT_PRODUCTS_DIR; };
		CFB0248F1D5AAB44005AC143 /* FirstKadaiAppUITests.swift */ = {isa = PBXFileReference; lastKnownFileType = sourcecode.swift; path = FirstKadaiAppUITests.swift; sourceTree = "<group>"; };
		CFB024911D5AAB44005AC143 /* Info.plist */ = {isa = PBXFileReference; lastKnownFileType = text.plist.xml; path = Info.plist; sourceTree = "<group>"; };
/* End PBXFileReference section */

/* Begin PBXFrameworksBuildPhase section */
		CFB024691D5AAB44005AC143 /* Frameworks */ = {
			isa = PBXFrameworksBuildPhase;
			buildActionMask = 2147483647;
			files = (
			);
			runOnlyForDeploymentPostprocessing = 0;
		};
		CFB0247D1D5AAB44005AC143 /* Frameworks */ = {
			isa = PBXFrameworksBuildPhase;
			buildActionMask = 2147483647;
			files = (
			);
			runOnlyForDeploymentPostprocessing = 0;
		};
		CFB024881D5AAB44005AC143 /* Frameworks */ = {
			isa = PBXFrameworksBuildPhase;
			buildActionMask = 2147483647;
			files = (
			);
			runOnlyForDeploymentPostprocessing = 0;
		};
/* End PBXFrameworksBuildPhase section */

/* Begin PBXGroup section */
		CFB024631D5AAB44005AC143 = {
			isa = PBXGroup;
			children = (
				CFB0246E1D5AAB44005AC143 /* FirstKadaiApp */,
				CFB024831D5AAB44005AC143 /* FirstKadaiAppTests */,
				CFB0248E1D5AAB44005AC143 /* FirstKadaiAppUITests */,
				CFB0246D1D5AAB44005AC143 /* Products */,
			);
			sourceTree = "<group>";
		};
		CFB0246D1D5AAB44005AC143 /* Products */ = {
			isa = PBXGroup;
			children = (
				CFB0246C1D5AAB44005AC143 /* FirstKadaiApp.app */,
				CFB024801D5AAB44005AC143 /* FirstKadaiAppTests.xctest */,
				CFB0248B1D5AAB44005AC143 /* FirstKadaiAppUITests.xctest */,
			);
			name = Products;
			sourceTree = "<group>";
		};
		CFB0246E1D5AAB44005AC143 /* FirstKadaiApp */ = {
			isa = PBXGroup;
			children = (
				CFB0246F1D5AAB44005AC143 /* AppDelegate.swift */,
				CFB024711D5AAB44005AC143 /* ViewController.swift */,
				CFB024731D5AAB44005AC143 /* Main.storyboard */,
				CFB024761D5AAB44005AC143 /* Assets.xcassets */,
				CFB024781D5AAB44005AC143 /* LaunchScreen.storyboard */,
				CFB0247B1D5AAB44005AC143 /* Info.plist */,
			);
			path = FirstKadaiApp;
			sourceTree = "<group>";
		};
		CFB024831D5AAB44005AC143 /* FirstKadaiAppTests */ = {
			isa = PBXGroup;
			children = (
				CFB024841D5AAB44005AC143 /* FirstKadaiAppTests.swift */,
				CFB024861D5AAB44005AC143 /* Info.plist */,
			);
			path = FirstKadaiAppTests;
			sourceTree = "<group>";
		};
		CFB0248E1D5AAB44005AC143 /* FirstKadaiAppUITests */ = {
			isa = PBXGroup;
			children = (
				CFB0248F1D5AAB44005AC143 /* FirstKadaiAppUITests.swift */,
				CFB024911D5AAB44005AC143 /* Info.plist */,
			);
			path = FirstKadaiAppUITests;
			sourceTree = "<group>";
		};
/* End PBXGroup section */

/* Begin PBXNativeTarget section */
		CFB0246B1D5AAB44005AC143 /* FirstKadaiApp */ = {
			isa = PBXNativeTarget;
			buildConfigurationList = CFB024941D5AAB44005AC143 /* Build configuration list for PBXNativeTarget "FirstKadaiApp" */;
			buildPhases = (
				CFB024681D5AAB44005AC143 /* Sources */,
				CFB024691D5AAB44005AC143 /* Frameworks */,
				CFB0246A1D5AAB44005AC143 /* Resources */,
			);
			buildRules = (
			);
			dependencies = (
			);
			name = FirstKadaiApp;
			productName = FirstKadaiApp;
			productReference = CFB0246C1D5AAB44005AC143 /* FirstKadaiApp.app */;
			productType = "com.apple.product-type.application";
		};
		CFB0247F1D5AAB44005AC143 /* FirstKadaiAppTests */ = {
			isa = PBXNativeTarget;
			buildConfigurationList = CFB024971D5AAB44005AC143 /* Build configuration list for PBXNativeTarget "FirstKadaiAppTests" */;
			buildPhases = (
				CFB0247C1D5AAB44005AC143 /* Sources */,
				CFB0247D1D5AAB44005AC143 /* Frameworks */,
				CFB0247E1D5AAB44005AC143 /* Resources */,
			);
			buildRules = (
			);
			dependencies = (
				CFB024821D5AAB44005AC143 /* PBXTargetDependency */,
			);
			name = FirstKadaiAppTests;
			productName = FirstKadaiAppTests;
			productReference = CFB024801D5AAB44005AC143 /* FirstKadaiAppTests.xctest */;
			productType = "com.apple.product-type.bundle.unit-test";
		};
		CFB0248A1D5AAB44005AC143 /* FirstKadaiAppUITests */ = {
			isa = PBXNativeTarget;
			buildConfigurationList = CFB0249A1D5AAB44005AC143 /* Build configuration list for PBXNativeTarget "FirstKadaiAppUITests" */;
			buildPhases = (
				CFB024871D5AAB44005AC143 /* Sources */,
				CFB024881D5AAB44005AC143 /* Frameworks */,
				CFB024891D5AAB44005AC143 /* Resources */,
			);
			buildRules = (
			);
			dependencies = (
				CFB0248D1D5AAB44005AC143 /* PBXTargetDependency */,
			);
			name = FirstKadaiAppUITests;
			productName = FirstKadaiAppUITests;
			productReference = CFB0248B1D5AAB44005AC143 /* FirstKadaiAppUITests.xctest */;
			productType = "com.apple.product-type.bundle.ui-testing";
		};
/* End PBXNativeTarget section */

/* Begin PBXProject section */
		CFB024641D5AAB44005AC143 /* Project object */ = {
			isa = PBXProject;
			attributes = {
				LastSwiftUpdateCheck = 0730;
				LastUpgradeCheck = 0730;
				ORGANIZATIONNAME = "田中舜一";
				TargetAttributes = {
					CFB0246B1D5AAB44005AC143 = {
						CreatedOnToolsVersion = 7.3.1;
					};
					CFB0247F1D5AAB44005AC143 = {
						CreatedOnToolsVersion = 7.3.1;
						TestTargetID = CFB0246B1D5AAB44005AC143;
					};
					CFB0248A1D5AAB44005AC143 = {
						CreatedOnToolsVersion = 7.3.1;
						TestTargetID = CFB0246B1D5AAB44005AC143;
					};
				};
			};
			buildConfigurationList = CFB024671D5AAB44005AC143 /* Build configuration list for PBXProject "FirstKadaiApp" */;
			compatibilityVersion = "Xcode 3.2";
			developmentRegion = English;
			hasScannedForEncodings = 0;
			knownRegions = (
				en,
				Base,
			);
			mainGroup = CFB024631D5AAB44005AC143;
			productRefGroup = CFB0246D1D5AAB44005AC143 /* Products */;
			projectDirPath = "";
			projectRoot = "";
			targets = (
				CFB0246B1D5AAB44005AC143 /* FirstKadaiApp */,
				CFB0247F1D5AAB44005AC143 /* FirstKadaiAppTests */,
				CFB0248A1D5AAB44005AC143 /* FirstKadaiAppUITests */,
			);
		};
/* End PBXProject section */

/* Begin PBXResourcesBuildPhase section */
		CFB0246A1D5AAB44005AC143 /* Resources */ = {
			isa = PBXResourcesBuildPhase;
			buildActionMask = 2147483647;
			files = (
				CFB0247A1D5AAB44005AC143 /* LaunchScreen.storyboard in Resources */,
				CFB024771D5AAB44005AC143 /* Assets.xcassets in Resources */,
				CFB024751D5AAB44005AC143 /* Main.storyboard in Resources */,
			);
			runOnlyForDeploymentPostprocessing = 0;
		};
		CFB0247E1D5AAB44005AC143 /* Resources */ = {
			isa = PBXResourcesBuildPhase;
			buildActionMask = 2147483647;
			files = (
			);
			runOnlyForDeploymentPostprocessing = 0;
		};
		CFB024891D5AAB44005AC143 /* Resources */ = {
			isa = PBXResourcesBuildPhase;
			buildActionMask = 2147483647;
			files = (
			);
			runOnlyForDeploymentPostprocessing = 0;
		};
/* End PBXResourcesBuildPhase section */

/* Begin PBXSourcesBuildPhase section */
		CFB024681D5AAB44005AC143 /* Sources */ = {
			isa = PBXSourcesBuildPhase;
			buildActionMask = 2147483647;
			files = (
				CFB024721D5AAB44005AC143 /* ViewController.swift in Sources */,
				CFB024701D5AAB44005AC143 /* AppDelegate.swift in Sources */,
			);
			runOnlyForDeploymentPostprocessing = 0;
		};
		CFB0247C1D5AAB44005AC143 /* Sources */ = {
			isa = PBXSourcesBuildPhase;
			buildActionMask = 2147483647;
			files = (
				CFB024851D5AAB44005AC143 /* FirstKadaiAppTests.swift in Sources */,
			);
			runOnlyForDeploymentPostprocessing = 0;
		};
		CFB024871D5AAB44005AC143 /* Sources */ = {
			isa = PBXSourcesBuildPhase;
			buildActionMask = 2147483647;
			files = (
				CFB024901D5AAB44005AC143 /* FirstKadaiAppUITests.swift in Sources */,
			);
			runOnlyForDeploymentPostprocessing = 0;
		};
/* End PBXSourcesBuildPhase section */

/* Begin PBXTargetDependency section */
		CFB024821D5AAB44005AC143 /* PBXTargetDependency */ = {
			isa = PBXTargetDependency;
			target = CFB0246B1D5AAB44005AC143 /* FirstKadaiApp */;
			targetProxy = CFB024811D5AAB44005AC143 /* PBXContainerItemProxy */;
		};
		CFB0248D1D5AAB44005AC143 /* PBXTargetDependency */ = {
			isa = PBXTargetDependency;
			target = CFB0246B1D5AAB44005AC143 /* FirstKadaiApp */;
			targetProxy = CFB0248C1D5AAB44005AC143 /* PBXContainerItemProxy */;
		};
/* End PBXTargetDependency section */

/* Begin PBXVariantGroup section */
		CFB024731D5AAB44005AC143 /* Main.storyboard */ = {
			isa = PBXVariantGroup;
			children = (
				CFB024741D5AAB44005AC143 /* Base */,
			);
			name = Main.storyboard;
			sourceTree = "<group>";
		};
		CFB024781D5AAB44005AC143 /* LaunchScreen.storyboard */ = {
			isa = PBXVariantGroup;
			children = (
				CFB024791D5AAB44005AC143 /* Base */,
			);
			name = LaunchScreen.storyboard;
			sourceTree = "<group>";
		};
/* End PBXVariantGroup section */

/* Begin XCBuildConfiguration section */
		CFB024921D5AAB44005AC143 /* Debug */ = {
			isa = XCBuildConfiguration;
			buildSettings = {
				ALWAYS_SEARCH_USER_PATHS = NO;
				CLANG_ANALYZER_NONNULL = YES;
				CLANG_CXX_LANGUAGE_STANDARD = "gnu++0x";
				CLANG_CXX_LIBRARY = "libc++";
				CLANG_ENABLE_MODULES = YES;
				CLANG_ENABLE_OBJC_ARC = YES;
				CLANG_WARN_BOOL_CONVERSION = YES;
				CLANG_WARN_CONSTANT_CONVERSION = YES;
				CLANG_WARN_DIRECT_OBJC_ISA_USAGE = YES_ERROR;
				CLANG_WARN_EMPTY_BODY = YES;
				CLANG_WARN_ENUM_CONVERSION = YES;
				CLANG_WARN_INT_CONVERSION = YES;
				CLANG_WARN_OBJC_ROOT_CLASS = YES_ERROR;
				CLANG_WARN_UNREACHABLE_CODE = YES;
				CLANG_WARN__DUPLICATE_METHOD_MATCH = YES;
				"CODE_SIGN_IDENTITY[sdk=iphoneos*]" = "iPhone Developer";
				COPY_PHASE_STRIP = NO;
				DEBUG_INFORMATION_FORMAT = dwarf;
				ENABLE_STRICT_OBJC_MSGSEND = YES;
				ENABLE_TESTABILITY = YES;
				GCC_C_LANGUAGE_STANDARD = gnu99;
				GCC_DYNAMIC_NO_PIC = NO;
				GCC_NO_COMMON_BLOCKS = YES;
				GCC_OPTIMIZATION_LEVEL = 0;
				GCC_PREPROCESSOR_DEFINITIONS = (
					"DEBUG=1",
					"$(inherited)",
				);
				GCC_WARN_64_TO_32_BIT_CONVERSION = YES;
				GCC_WARN_ABOUT_RETURN_TYPE = YES_ERROR;
				GCC_WARN_UNDECLARED_SELECTOR = YES;
				GCC_WARN_UNINITIALIZED_AUTOS = YES_AGGRESSIVE;
				GCC_WARN_UNUSED_FUNCTION = YES;
				GCC_WARN_UNUSED_VARIABLE = YES;
				IPHONEOS_DEPLOYMENT_TARGET = 9.3;
				MTL_ENABLE_DEBUG_INFO = YES;
				ONLY_ACTIVE_ARCH = YES;
				SDKROOT = iphoneos;
				SWIFT_OPTIMIZATION_LEVEL = "-Onone";
				TARGETED_DEVICE_FAMILY = "1,2";
			};
			name = Debug;
		};
		CFB024931D5AAB44005AC143 /* Release */ = {
			isa = XCBuildConfiguration;
			buildSettings = {
				ALWAYS_SEARCH_USER_PATHS = NO;
				CLANG_ANALYZER_NONNULL = YES;
				CLANG_CXX_LANGUAGE_STANDARD = "gnu++0x";
				CLANG_CXX_LIBRARY = "libc++";
				CLANG_ENABLE_MODULES = YES;
				CLANG_ENABLE_OBJC_ARC = YES;
				CLANG_WARN_BOOL_CONVERSION = YES;
				CLANG_WARN_CONSTANT_CONVERSION = YES;
				CLANG_WARN_DIRECT_OBJC_ISA_USAGE = YES_ERROR;
				CLANG_WARN_EMPTY_BODY = YES;
				CLANG_WARN_ENUM_CONVERSION = YES;
				CLANG_WARN_INT_CONVERSION = YES;
				CLANG_WARN_OBJC_ROOT_CLASS = YES_ERROR;
				CLANG_WARN_UNREACHABLE_CODE = YES;
				CLANG_WARN__DUPLICATE_METHOD_MATCH = YES;
				"CODE_SIGN_IDENTITY[sdk=iphoneos*]" = "iPhone Developer";
				COPY_PHASE_STRIP = NO;
				DEBUG_INFORMATION_FORMAT = "dwarf-with-dsym";
				ENABLE_NS_ASSERTIONS = NO;
				ENABLE_STRICT_OBJC_MSGSEND = YES;
				GCC_C_LANGUAGE_STANDARD = gnu99;
				GCC_NO_COMMON_BLOCKS = YES;
				GCC_WARN_64_TO_32_BIT_CONVERSION = YES;
				GCC_WARN_ABOUT_RETURN_TYPE = YES_ERROR;
				GCC_WARN_UNDECLARED_SELECTOR = YES;
				GCC_WARN_UNINITIALIZED_AUTOS = YES_AGGRESSIVE;
				GCC_WARN_UNUSED_FUNCTION = YES;
				GCC_WARN_UNUSED_VARIABLE = YES;
				IPHONEOS_DEPLOYMENT_TARGET = 9.3;
				MTL_ENABLE_DEBUG_INFO = NO;
				SDKROOT = iphoneos;
				TARGETED_DEVICE_FAMILY = "1,2";
				VALIDATE_PRODUCT = YES;
			};
			name = Release;
		};
		CFB024951D5AAB44005AC143 /* Debug */ = {
			isa = XCBuildConfiguration;
			buildSettings = {
				ASSETCATALOG_COMPILER_APPICON_NAME = AppIcon;
				INFOPLIST_FILE = FirstKadaiApp/Info.plist;
				LD_RUNPATH_SEARCH_PATHS = "$(inherited) @executable_path/Frameworks";
				PRODUCT_BUNDLE_IDENTIFIER = test.FirstKadaiApp;
				PRODUCT_NAME = "$(TARGET_NAME)";
			};
			name = Debug;
		};
		CFB024961D5AAB44005AC143 /* Release */ = {
			isa = XCBuildConfiguration;
			buildSettings = {
				ASSETCATALOG_COMPILER_APPICON_NAME = AppIcon;
				INFOPLIST_FILE = FirstKadaiApp/Info.plist;
				LD_RUNPATH_SEARCH_PATHS = "$(inherited) @executable_path/Frameworks";
				PRODUCT_BUNDLE_IDENTIFIER = test.FirstKadaiApp;
				PRODUCT_NAME = "$(TARGET_NAME)";
			};
			name = Release;
		};
		CFB024981D5AAB44005AC143 /* Debug */ = {
			isa = XCBuildConfiguration;
			buildSettings = {
				BUNDLE_LOADER = "$(TEST_HOST)";
				INFOPLIST_FILE = FirstKadaiAppTests/Info.plist;
				LD_RUNPATH_SEARCH_PATHS = "$(inherited) @executable_path/Frameworks @loader_path/Frameworks";
				PRODUCT_BUNDLE_IDENTIFIER = test.FirstKadaiAppTests;
				PRODUCT_NAME = "$(TARGET_NAME)";
				TEST_HOST = "$(BUILT_PRODUCTS_DIR)/FirstKadaiApp.app/FirstKadaiApp";
			};
			name = Debug;
		};
		CFB024991D5AAB44005AC143 /* Release */ = {
			isa = XCBuildConfiguration;
			buildSettings = {
				BUNDLE_LOADER = "$(TEST_HOST)";
				INFOPLIST_FILE = FirstKadaiAppTests/Info.plist;
				LD_RUNPATH_SEARCH_PATHS = "$(inherited) @executable_path/Frameworks @loader_path/Frameworks";
				PRODUCT_BUNDLE_IDENTIFIER = test.FirstKadaiAppTests;
				PRODUCT_NAME = "$(TARGET_NAME)";
				TEST_HOST = "$(BUILT_PRODUCTS_DIR)/FirstKadaiApp.app/FirstKadaiApp";
			};
			name = Release;
		};
		CFB0249B1D5AAB44005AC143 /* Debug */ = {
			isa = XCBuildConfiguration;
			buildSettings = {
				INFOPLIST_FILE = FirstKadaiAppUITests/Info.plist;
				LD_RUNPATH_SEARCH_PATHS = "$(inherited) @executable_path/Frameworks @loader_path/Frameworks";
				PRODUCT_BUNDLE_IDENTIFIER = test.FirstKadaiAppUITests;
				PRODUCT_NAME = "$(TARGET_NAME)";
				TEST_TARGET_NAME = FirstKadaiApp;
			};
			name = Debug;
		};
		CFB0249C1D5AAB44005AC143 /* Release */ = {
			isa = XCBuildConfiguration;
			buildSettings = {
				INFOPLIST_FILE = FirstKadaiAppUITests/Info.plist;
				LD_RUNPATH_SEARCH_PATHS = "$(inherited) @executable_path/Frameworks @loader_path/Frameworks";
				PRODUCT_BUNDLE_IDENTIFIER = test.FirstKadaiAppUITests;
				PRODUCT_NAME = "$(TARGET_NAME)";
				TEST_TARGET_NAME = FirstKadaiApp;
			};
			name = Release;
		};
/* End XCBuildConfiguration section */

/* Begin XCConfigurationList section */
		CFB024671D5AAB44005AC143 /* Build configuration list for PBXProject "FirstKadaiApp" */ = {
			isa = XCConfigurationList;
			buildConfigurations = (
				CFB024921D5AAB44005AC143 /* Debug */,
				CFB024931D5AAB44005AC143 /* Release */,
			);
			defaultConfigurationIsVisible = 0;
			defaultConfigurationName = Release;
		};
		CFB024941D5AAB44005AC143 /* Build configuration list for PBXNativeTarget "FirstKadaiApp" */ = {
			isa = XCConfigurationList;
			buildConfigurations = (
				CFB024951D5AAB44005AC143 /* Debug */,
				CFB024961D5AAB44005AC143 /* Release */,
			);
			defaultConfigurationIsVisible = 0;
		};
		CFB024971D5AAB44005AC143 /* Build configuration list for PBXNativeTarget "FirstKadaiAppTests" */ = {
			isa = XCConfigurationList;
			buildConfigurations = (
				CFB024981D5AAB44005AC143 /* Debug */,
				CFB024991D5AAB44005AC143 /* Release */,
			);
			defaultConfigurationIsVisible = 0;
		};
		CFB0249A1D5AAB44005AC143 /* Build configuration list for PBXNativeTarget "FirstKadaiAppUITests" */ = {
			isa = XCConfigurationList;
			buildConfigurations = (
				CFB0249B1D5AAB44005AC143 /* Debug */,
				CFB0249C1D5AAB44005AC143 /* Release */,
			);
			defaultConfigurationIsVisible = 0;
		};
/* End XCConfigurationList section */
	};
	rootObject = CFB024641D5AAB44005AC143 /* Project object */;
}
